{
  "name": "dinhero21.net",
  "version": "1.0.0",
  "lockfileVersion": 3,
  "requires": true,
  "packages": {
    "": {
      "name": "dinhero21.net",
      "version": "1.0.0",
      "license": "MIT",
      "dependencies": {
        "filesize": "^10.1.6"
      }
    },
    "node_modules/filesize": {
      "version": "10.1.6",
      "resolved": "https://registry.npmjs.org/filesize/-/filesize-10.1.6.tgz",
      "integrity": "sha512-sJslQKU2uM33qH5nqewAwVB2QgR6w1aMNsYUp3aN5rMRyXEwJGmZvaWzeJFNTOXWlHQyBFCWrdj3fV/fsTOX8w==",
      "license": "BSD-3-Clause",
      "engines": {
        "node": ">= 10.4.0"
      }
    }
  }
}
